// !$*UTF8*$!
{
	archiveVersion = 1;
	classes = {
	};
	objectVersion = 46;
	objects = {

/* Begin PBXBuildFile section */
		4285AAF61B6628CF00E4E950 /* main.cpp in Sources */ = {isa = PBXBuildFile; fileRef = 4285AAF51B6628CF00E4E950 /* main.cpp */; };
/* End PBXBuildFile section */

/* Begin PBXCopyFilesBuildPhase section */
		4285AAF01B6628CF00E4E950 /* CopyFiles */ = {
			isa = PBXCopyFilesBuildPhase;
			buildActionMask = 2147483647;
			dstPath = /usr/share/man/man1/;
			dstSubfolderSpec = 0;
			files = (
			);
			runOnlyForDeploymentPostprocessing = 1;
		};
/* End PBXCopyFilesBuildPhase section */

/* Begin PBXFileReference section */
		420631A01B6B73E900D00DE9 /* Sales_data.h */ = {isa = PBXFileReference; lastKnownFileType = sourcecode.c.h; name = Sales_data.h; path = ../../CPPPrimer/CPPPrimer/Sales_data.h; sourceTree = "<group>"; };
		420631A11B6C697500D00DE9 /* PersonInfo.h */ = {isa = PBXFileReference; lastKnownFileType = sourcecode.c.h; path = PersonInfo.h; sourceTree = "<group>"; };
		420631A21B6C7B8600D00DE9 /* noDefault.h */ = {isa = PBXFileReference; lastKnownFileType = sourcecode.c.h; path = noDefault.h; sourceTree = "<group>"; };
		4285AAF21B6628CF00E4E950 /* CPPPrimer2 */ = {isa = PBXFileReference; explicitFileType = "compiled.mach-o.executable"; includeInIndex = 0; path = CPPPrimer2; sourceTree = BUILT_PRODUCTS_DIR; };
		4285AAF51B6628CF00E4E950 /* main.cpp */ = {isa = PBXFileReference; lastKnownFileType = sourcecode.cpp.cpp; path = main.cpp; sourceTree = "<group>"; };
/* End PBXFileReference section */

/* Begin PBXFrameworksBuildPhase section */
		4285AAEF1B6628CF00E4E950 /* Frameworks */ = {
			isa = PBXFrameworksBuildPhase;
			buildActionMask = 2147483647;
			files = (
			);
			runOnlyForDeploymentPostprocessing = 0;
		};
/* End PBXFrameworksBuildPhase section */

/* Begin PBXGroup section */
		4285AAE91B6628CF00E4E950 = {
			isa = PBXGroup;
			children = (
				4285AAF41B6628CF00E4E950 /* CPPPrimer2 */,
				4285AAF31B6628CF00E4E950 /* Products */,
			);
			sourceTree = "<group>";
		};
		4285AAF31B6628CF00E4E950 /* Products */ = {
			isa = PBXGroup;
			children = (
				4285AAF21B6628CF00E4E950 /* CPPPrimer2 */,
			);
			name = Products;
			sourceTree = "<group>";
		};
		4285AAF41B6628CF00E4E950 /* CPPPrimer2 */ = {
			isa = PBXGroup;
			children = (
				4285AAF51B6628CF00E4E950 /* main.cpp */,
				420631A01B6B73E900D00DE9 /* Sales_data.h */,
				420631A11B6C697500D00DE9 /* PersonInfo.h */,
				420631A21B6C7B8600D00DE9 /* noDefault.h */,
			);
			path = CPPPrimer2;
			sourceTree = "<group>";
		};
/* End PBXGroup section */

/* Begin PBXNativeTarget section */
		4285AAF11B6628CF00E4E950 /* CPPPrimer2 */ = {
			isa = PBXNativeTarget;
			buildConfigurationList = 4285AAF91B6628CF00E4E950 /* Build configuration list for PBXNativeTarget "CPPPrimer2" */;
			buildPhases = (
				4285AAEE1B6628CF00E4E950 /* Sources */,
				4285AAEF1B6628CF00E4E950 /* Frameworks */,
				4285AAF01B6628CF00E4E950 /* CopyFiles */,
			);
			buildRules = (
			);
			dependencies = (
			);
			name = CPPPrimer2;
			productName = CPPPrimer2;
			productReference = 4285AAF21B6628CF00E4E950 /* CPPPrimer2 */;
			productType = "com.apple.product-type.tool";
		};
/* End PBXNativeTarget section */

/* Begin PBXProject section */
		4285AAEA1B6628CF00E4E950 /* Project object */ = {
			isa = PBXProject;
			attributes = {
				LastUpgradeCheck = 0640;
				ORGANIZATIONNAME = PinguoSDK;
				TargetAttributes = {
					4285AAF11B6628CF00E4E950 = {
						CreatedOnToolsVersion = 6.4;
					};
				};
			};
			buildConfigurationList = 4285AAED1B6628CF00E4E950 /* Build configuration list for PBXProject "CPPPrimer2" */;
			compatibilityVersion = "Xcode 3.2";
			developmentRegion = English;
			hasScannedForEncodings = 0;
			knownRegions = (
				en,
			);
			mainGroup = 4285AAE91B6628CF00E4E950;
			productRefGroup = 4285AAF31B6628CF00E4E950 /* Products */;
			projectDirPath = "";
			projectRoot = "";
			targets = (
				4285AAF11B6628CF00E4E950 /* CPPPrimer2 */,
			);
		};
/* End PBXProject section */

/* Begin PBXSourcesBuildPhase section */
		4285AAEE1B6628CF00E4E950 /* Sources */ = {
			isa = PBXSourcesBuildPhase;
			buildActionMask = 2147483647;
			files = (
				4285AAF61B6628CF00E4E950 /* main.cpp in Sources */,
			);
			runOnlyForDeploymentPostprocessing = 0;
		};
/* End PBXSourcesBuildPhase section */

/* Begin XCBuildConfiguration section */
		4285AAF71B6628CF00E4E950 /* Debug */ = {
			isa = XCBuildConfiguration;
			buildSettings = {
				ALWAYS_SEARCH_USER_PATHS = NO;
				CLANG_CXX_LANGUAGE_STANDARD = "gnu++0x";
				CLANG_CXX_LIBRARY = "libc++";
				CLANG_ENABLE_MODULES = YES;
				CLANG_ENABLE_OBJC_ARC = YES;
				CLANG_WARN_BOOL_CONVERSION = YES;
				CLANG_WARN_CONSTANT_CONVERSION = YES;
				CLANG_WARN_DIRECT_OBJC_ISA_USAGE = YES_ERROR;
				CLANG_WARN_EMPTY_BODY = YES;
				CLANG_WARN_ENUM_CONVERSION = YES;
				CLANG_WARN_INT_CONVERSION = YES;
				CLANG_WARN_OBJC_ROOT_CLASS = YES_ERROR;
				CLANG_WARN_UNREACHABLE_CODE = YES;
				CLANG_WARN__DUPLICATE_METHOD_MATCH = YES;
				COPY_PHASE_STRIP = NO;
				DEBUG_INFORMATION_FORMAT = dwarf;
				ENABLE_STRICT_OBJC_MSGSEND = YES;
				GCC_C_LANGUAGE_STANDARD = gnu99;
				GCC_DYNAMIC_NO_PIC = NO;
				GCC_NO_COMMON_BLOCKS = YES;
				GCC_OPTIMIZATION_LEVEL = 0;
				GCC_PREPROCESSOR_DEFINITIONS = (
					"DEBUG=1",
					"$(inherited)",
				);
				GCC_SYMBOLS_PRIVATE_EXTERN = NO;
				GCC_WARN_64_TO_32_BIT_CONVERSION = YES;
				GCC_WARN_ABOUT_RETURN_TYPE = YES_ERROR;
				GCC_WARN_UNDECLARED_SELECTOR = YES;
				GCC_WARN_UNINITIALIZED_AUTOS = YES_AGGRESSIVE;
				GCC_WARN_UNUSED_FUNCTION = YES;
				GCC_WARN_UNUSED_VARIABLE = YES;
				MACOSX_DEPLOYMENT_TARGET = 10.10;
				MTL_ENABLE_DEBUG_INFO = YES;
				ONLY_ACTIVE_ARCH = YES;
				SDKROOT = macosx;
			};
			name = Debug;
		};
		4285AAF81B6628CF00E4E950 /* Release */ = {
			isa = XCBuildConfiguration;
			buildSettings = {
				ALWAYS_SEARCH_USER_PATHS = NO;
				CLANG_CXX_LANGUAGE_STANDARD = "gnu++0x";
				CLANG_CXX_LIBRARY = "libc++";
				CLANG_ENABLE_MODULES = YES;
				CLANG_ENABLE_OBJC_ARC = YES;
				CLANG_WARN_BOOL_CONVERSION = YES;
				CLANG_WARN_CONSTANT_CONVERSION = YES;
				CLANG_WARN_DIRECT_OBJC_ISA_USAGE = YES_ERROR;
				CLANG_WARN_EMPTY_BODY = YES;
				CLANG_WARN_ENUM_CONVERSION = YES;
				CLANG_WARN_INT_CONVERSION = YES;
				CLANG_WARN_OBJC_ROOT_CLASS = YES_ERROR;
				CLANG_WARN_UNREACHABLE_CODE = YES;
				CLANG_WARN__DUPLICATE_METHOD_MATCH = YES;
				COPY_PHASE_STRIP = NO;
				DEBUG_INFORMATION_FORMAT = "dwarf-with-dsym";
				ENABLE_NS_ASSERTIONS = NO;
				ENABLE_STRICT_OBJC_MSGSEND = YES;
				GCC_C_LANGUAGE_STANDARD = gnu99;
				GCC_NO_COMMON_BLOCKS = YES;
				GCC_WARN_64_TO_32_BIT_CONVERSION = YES;
				GCC_WARN_ABOUT_RETURN_TYPE = YES_ERROR;
				GCC_WARN_UNDECLARED_SELECTOR = YES;
				GCC_WARN_UNINITIALIZED_AUTOS = YES_AGGRESSIVE;
				GCC_WARN_UNUSED_FUNCTION = YES;
				GCC_WARN_UNUSED_VARIABLE = YES;
				MACOSX_DEPLOYMENT_TARGET = 10.10;
				MTL_ENABLE_DEBUG_INFO = NO;
				SDKROOT = macosx;
			};
			name = Release;
		};
		4285AAFA1B6628CF00E4E950 /* Debug */ = {
			isa = XCBuildConfiguration;
			buildSettings = {
				ARCHS = "$(ARCHS_STANDARD)";
				CLANG_CXX_LANGUAGE_STANDARD = "gnu++0x";
				GCC_C_LANGUAGE_STANDARD = gnu99;
				PRODUCT_NAME = "$(TARGET_NAME)";
			};
			name = Debug;
		};
		4285AAFB1B6628CF00E4E950 /* Release */ = {
			isa = XCBuildConfiguration;
			buildSettings = {
				ARCHS = "$(ARCHS_STANDARD)";
				CLANG_CXX_LANGUAGE_STANDARD = "gnu++0x";
				GCC_C_LANGUAGE_STANDARD = gnu99;
				PRODUCT_NAME = "$(TARGET_NAME)";
			};
			name = Release;
		};
/* End XCBuildConfiguration section */

/* Begin XCConfigurationList section */
		4285AAED1B6628CF00E4E950 /* Build configuration list for PBXProject "CPPPrimer2" */ = {
			isa = XCConfigurationList;
			buildConfigurations = (
				4285AAF71B6628CF00E4E950 /* Debug */,
				4285AAF81B6628CF00E4E950 /* Release */,
			);
			defaultConfigurationIsVisible = 0;
			defaultConfigurationName = Release;
		};
		4285AAF91B6628CF00E4E950 /* Build configuration list for PBXNativeTarget "CPPPrimer2" */ = {
			isa = XCConfigurationList;
			buildConfigurations = (
				4285AAFA1B6628CF00E4E950 /* Debug */,
				4285AAFB1B6628CF00E4E950 /* Release */,
			);
			defaultConfigurationIsVisible = 0;
			defaultConfigurationName = Release;
		};
/* End XCConfigurationList section */
	};
	rootObject = 4285AAEA1B6628CF00E4E950 /* Project object */;
}
